
Microsoft Visual Studio Solution File, Format Version 12.00
# Visual Studio 15
Project("{FAE04EC0-301F-11D3-BF4B-00C04F79EFBC}") = "Assembly-CSharp-firstpass", "Assembly-CSharp-firstpass.csproj", "{2399D5E8-47A2-7F39-929E-75B35CBA18FB}"
EndProject
Project("{FAE04EC0-301F-11D3-BF4B-00C04F79EFBC}") = "Assembly-CSharp", "Assembly-CSharp.csproj", "{0A44D504-B776-D3D0-1F70-8B04DC43ACB6}"
EndProject
Project("{FAE04EC0-301F-11D3-BF4B-00C04F79EFBC}") = "Assembly-CSharp-Editor-firstpass", "Assembly-CSharp-Editor-firstpass.csproj", "{BC56EDF4-44E2-52F0-3EFC-12A6E75FCD20}"
EndProject
Global
	GlobalSection(SolutionConfigurationPlatforms) = preSolution
		Debug|Any CPU = Debug|Any CPU
		Release|Any CPU = Release|Any CPU
	EndGlobalSection
	GlobalSection(ProjectConfigurationPlatforms) = postSolution
		{2399D5E8-47A2-7F39-929E-75B35CBA18FB}.Debug|Any CPU.ActiveCfg = Debug|Any CPU
		{2399D5E8-47A2-7F39-929E-75B35CBA18FB}.Debug|Any CPU.Build.0 = Debug|Any CPU
		{2399D5E8-47A2-7F39-929E-75B35CBA18FB}.Release|Any CPU.ActiveCfg = Release|Any CPU
		{2399D5E8-47A2-7F39-929E-75B35CBA18FB}.Release|Any CPU.Build.0 = Release|Any CPU
		{0A44D504-B776-D3D0-1F70-8B04DC43ACB6}.Debug|Any CPU.ActiveCfg = Debug|Any CPU
		{0A44D504-B776-D3D0-1F70-8B04DC43ACB6}.Debug|Any CPU.Build.0 = Debug|Any CPU
		{0A44D504-B776-D3D0-1F70-8B04DC43ACB6}.Release|Any CPU.ActiveCfg = Release|Any CPU
		{0A44D504-B776-D3D0-1F70-8B04DC43ACB6}.Release|Any CPU.Build.0 = Release|Any CPU
		{BC56EDF4-44E2-52F0-3EFC-12A6E75FCD20}.Debug|Any CPU.ActiveCfg = Debug|Any CPU
		{BC56EDF4-44E2-52F0-3EFC-12A6E75FCD20}.Debug|Any CPU.Build.0 = Debug|Any CPU
		{BC56EDF4-44E2-52F0-3EFC-12A6E75FCD20}.Release|Any CPU.ActiveCfg = Release|Any CPU
		{BC56EDF4-44E2-52F0-3EFC-12A6E75FCD20}.Release|Any CPU.Build.0 = Release|Any CPU
	EndGlobalSection
	GlobalSection(SolutionProperties) = preSolution
		HideSolutionNode = FALSE
	EndGlobalSection
EndGlobal
